// !$*UTF8*$!
{
	archiveVersion = 1;
	classes = {
	};
	objectVersion = 46;
	objects = {

/* Begin PBXBuildFile section */
		D2B311811C7D6DF500347D26 /* main.m in Sources */ = {isa = PBXBuildFile; fileRef = D2B311801C7D6DF500347D26 /* main.m */; };
		D2B311841C7D6DF500347D26 /* AppDelegate.m in Sources */ = {isa = PBXBuildFile; fileRef = D2B311831C7D6DF500347D26 /* AppDelegate.m */; };
		D2B311871C7D6DF500347D26 /* ViewController.m in Sources */ = {isa = PBXBuildFile; fileRef = D2B311861C7D6DF500347D26 /* ViewController.m */; };
		D2B3118A1C7D6DF500347D26 /* Main.storyboard in Resources */ = {isa = PBXBuildFile; fileRef = D2B311881C7D6DF500347D26 /* Main.storyboard */; };
		D2B3118C1C7D6DF500347D26 /* Assets.xcassets in Resources */ = {isa = PBXBuildFile; fileRef = D2B3118B1C7D6DF500347D26 /* Assets.xcassets */; };
		D2B3118F1C7D6DF500347D26 /* LaunchScreen.storyboard in Resources */ = {isa = PBXBuildFile; fileRef = D2B3118D1C7D6DF500347D26 /* LaunchScreen.storyboard */; };
		D2B3119A1C7D6DF500347D26 /* EMMeituanTests.m in Sources */ = {isa = PBXBuildFile; fileRef = D2B311991C7D6DF500347D26 /* EMMeituanTests.m */; };
		D2B311A51C7D6DF500347D26 /* EMMeituanUITests.m in Sources */ = {isa = PBXBuildFile; fileRef = D2B311A41C7D6DF500347D26 /* EMMeituanUITests.m */; };
/* End PBXBuildFile section */

/* Begin PBXContainerItemProxy section */
		D2B311961C7D6DF500347D26 /* PBXContainerItemProxy */ = {
			isa = PBXContainerItemProxy;
			containerPortal = D2B311741C7D6DF500347D26 /* Project object */;
			proxyType = 1;
			remoteGlobalIDString = D2B3117B1C7D6DF500347D26;
			remoteInfo = EMMeituan;
		};
		D2B311A11C7D6DF500347D26 /* PBXContainerItemProxy */ = {
			isa = PBXContainerItemProxy;
			containerPortal = D2B311741C7D6DF500347D26 /* Project object */;
			proxyType = 1;
			remoteGlobalIDString = D2B3117B1C7D6DF500347D26;
			remoteInfo = EMMeituan;
		};
/* End PBXContainerItemProxy section */

/* Begin PBXFileReference section */
		D2B3117C1C7D6DF500347D26 /* EMMeituan.app */ = {isa = PBXFileReference; explicitFileType = wrapper.application; includeInIndex = 0; path = EMMeituan.app; sourceTree = BUILT_PRODUCTS_DIR; };
		D2B311801C7D6DF500347D26 /* main.m */ = {isa = PBXFileReference; lastKnownFileType = sourcecode.c.objc; path = main.m; sourceTree = "<group>"; };
		D2B311821C7D6DF500347D26 /* AppDelegate.h */ = {isa = PBXFileReference; lastKnownFileType = sourcecode.c.h; path = AppDelegate.h; sourceTree = "<group>"; };
		D2B311831C7D6DF500347D26 /* AppDelegate.m */ = {isa = PBXFileReference; lastKnownFileType = sourcecode.c.objc; path = AppDelegate.m; sourceTree = "<group>"; };
		D2B311851C7D6DF500347D26 /* ViewController.h */ = {isa = PBXFileReference; lastKnownFileType = sourcecode.c.h; path = ViewController.h; sourceTree = "<group>"; };
		D2B311861C7D6DF500347D26 /* ViewController.m */ = {isa = PBXFileReference; lastKnownFileType = sourcecode.c.objc; path = ViewController.m; sourceTree = "<group>"; };
		D2B311891C7D6DF500347D26 /* Base */ = {isa = PBXFileReference; lastKnownFileType = file.storyboard; name = Base; path = Base.lproj/Main.storyboard; sourceTree = "<group>"; };
		D2B3118B1C7D6DF500347D26 /* Assets.xcassets */ = {isa = PBXFileReference; lastKnownFileType = folder.assetcatalog; path = Assets.xcassets; sourceTree = "<group>"; };
		D2B3118E1C7D6DF500347D26 /* Base */ = {isa = PBXFileReference; lastKnownFileType = file.storyboard; name = Base; path = Base.lproj/LaunchScreen.storyboard; sourceTree = "<group>"; };
		D2B311901C7D6DF500347D26 /* Info.plist */ = {isa = PBXFileReference; lastKnownFileType = text.plist.xml; path = Info.plist; sourceTree = "<group>"; };
		D2B311951C7D6DF500347D26 /* EMMeituanTests.xctest */ = {isa = PBXFileReference; explicitFileType = wrapper.cfbundle; includeInIndex = 0; path = EMMeituanTests.xctest; sourceTree = BUILT_PRODUCTS_DIR; };
		D2B311991C7D6DF500347D26 /* EMMeituanTests.m */ = {isa = PBXFileReference; lastKnownFileType = sourcecode.c.objc; path = EMMeituanTests.m; sourceTree = "<group>"; };
		D2B3119B1C7D6DF500347D26 /* Info.plist */ = {isa = PBXFileReference; lastKnownFileType = text.plist.xml; path = Info.plist; sourceTree = "<group>"; };
		D2B311A01C7D6DF500347D26 /* EMMeituanUITests.xctest */ = {isa = PBXFileReference; explicitFileType = wrapper.cfbundle; includeInIndex = 0; path = EMMeituanUITests.xctest; sourceTree = BUILT_PRODUCTS_DIR; };
		D2B311A41C7D6DF500347D26 /* EMMeituanUITests.m */ = {isa = PBXFileReference; lastKnownFileType = sourcecode.c.objc; path = EMMeituanUITests.m; sourceTree = "<group>"; };
		D2B311A61C7D6DF500347D26 /* Info.plist */ = {isa = PBXFileReference; lastKnownFileType = text.plist.xml; path = Info.plist; sourceTree = "<group>"; };
/* End PBXFileReference section */

/* Begin PBXFrameworksBuildPhase section */
		D2B311791C7D6DF500347D26 /* Frameworks */ = {
			isa = PBXFrameworksBuildPhase;
			buildActionMask = 2147483647;
			files = (
			);
			runOnlyForDeploymentPostprocessing = 0;
		};
		D2B311921C7D6DF500347D26 /* Frameworks */ = {
			isa = PBXFrameworksBuildPhase;
			buildActionMask = 2147483647;
			files = (
			);
			runOnlyForDeploymentPostprocessing = 0;
		};
		D2B3119D1C7D6DF500347D26 /* Frameworks */ = {
			isa = PBXFrameworksBuildPhase;
			buildActionMask = 2147483647;
			files = (
			);
			runOnlyForDeploymentPostprocessing = 0;
		};
/* End PBXFrameworksBuildPhase section */

/* Begin PBXGroup section */
		D2B311731C7D6DF500347D26 = {
			isa = PBXGroup;
			children = (
				D2B3117E1C7D6DF500347D26 /* EMMeituan */,
				D2B311981C7D6DF500347D26 /* EMMeituanTests */,
				D2B311A31C7D6DF500347D26 /* EMMeituanUITests */,
				D2B3117D1C7D6DF500347D26 /* Products */,
			);
			sourceTree = "<group>";
		};
		D2B3117D1C7D6DF500347D26 /* Products */ = {
			isa = PBXGroup;
			children = (
				D2B3117C1C7D6DF500347D26 /* EMMeituan.app */,
				D2B311951C7D6DF500347D26 /* EMMeituanTests.xctest */,
				D2B311A01C7D6DF500347D26 /* EMMeituanUITests.xctest */,
			);
			name = Products;
			sourceTree = "<group>";
		};
		D2B3117E1C7D6DF500347D26 /* EMMeituan */ = {
			isa = PBXGroup;
			children = (
				D2B311821C7D6DF500347D26 /* AppDelegate.h */,
				D2B311831C7D6DF500347D26 /* AppDelegate.m */,
				D2B311851C7D6DF500347D26 /* ViewController.h */,
				D2B311861C7D6DF500347D26 /* ViewController.m */,
				D2B311881C7D6DF500347D26 /* Main.storyboard */,
				D2B3118B1C7D6DF500347D26 /* Assets.xcassets */,
				D2B3118D1C7D6DF500347D26 /* LaunchScreen.storyboard */,
				D2B311901C7D6DF500347D26 /* Info.plist */,
				D2B3117F1C7D6DF500347D26 /* Supporting Files */,
			);
			path = EMMeituan;
			sourceTree = "<group>";
		};
		D2B3117F1C7D6DF500347D26 /* Supporting Files */ = {
			isa = PBXGroup;
			children = (
				D2B311801C7D6DF500347D26 /* main.m */,
			);
			name = "Supporting Files";
			sourceTree = "<group>";
		};
		D2B311981C7D6DF500347D26 /* EMMeituanTests */ = {
			isa = PBXGroup;
			children = (
				D2B311991C7D6DF500347D26 /* EMMeituanTests.m */,
				D2B3119B1C7D6DF500347D26 /* Info.plist */,
			);
			path = EMMeituanTests;
			sourceTree = "<group>";
		};
		D2B311A31C7D6DF500347D26 /* EMMeituanUITests */ = {
			isa = PBXGroup;
			children = (
				D2B311A41C7D6DF500347D26 /* EMMeituanUITests.m */,
				D2B311A61C7D6DF500347D26 /* Info.plist */,
			);
			path = EMMeituanUITests;
			sourceTree = "<group>";
		};
/* End PBXGroup section */

/* Begin PBXNativeTarget section */
		D2B3117B1C7D6DF500347D26 /* EMMeituan */ = {
			isa = PBXNativeTarget;
			buildConfigurationList = D2B311A91C7D6DF500347D26 /* Build configuration list for PBXNativeTarget "EMMeituan" */;
			buildPhases = (
				D2B311781C7D6DF500347D26 /* Sources */,
				D2B311791C7D6DF500347D26 /* Frameworks */,
				D2B3117A1C7D6DF500347D26 /* Resources */,
			);
			buildRules = (
			);
			dependencies = (
			);
			name = EMMeituan;
			productName = EMMeituan;
			productReference = D2B3117C1C7D6DF500347D26 /* EMMeituan.app */;
			productType = "com.apple.product-type.application";
		};
		D2B311941C7D6DF500347D26 /* EMMeituanTests */ = {
			isa = PBXNativeTarget;
			buildConfigurationList = D2B311AC1C7D6DF500347D26 /* Build configuration list for PBXNativeTarget "EMMeituanTests" */;
			buildPhases = (
				D2B311911C7D6DF500347D26 /* Sources */,
				D2B311921C7D6DF500347D26 /* Frameworks */,
				D2B311931C7D6DF500347D26 /* Resources */,
			);
			buildRules = (
			);
			dependencies = (
				D2B311971C7D6DF500347D26 /* PBXTargetDependency */,
			);
			name = EMMeituanTests;
			productName = EMMeituanTests;
			productReference = D2B311951C7D6DF500347D26 /* EMMeituanTests.xctest */;
			productType = "com.apple.product-type.bundle.unit-test";
		};
		D2B3119F1C7D6DF500347D26 /* EMMeituanUITests */ = {
			isa = PBXNativeTarget;
			buildConfigurationList = D2B311AF1C7D6DF500347D26 /* Build configuration list for PBXNativeTarget "EMMeituanUITests" */;
			buildPhases = (
				D2B3119C1C7D6DF500347D26 /* Sources */,
				D2B3119D1C7D6DF500347D26 /* Frameworks */,
				D2B3119E1C7D6DF500347D26 /* Resources */,
			);
			buildRules = (
			);
			dependencies = (
				D2B311A21C7D6DF500347D26 /* PBXTargetDependency */,
			);
			name = EMMeituanUITests;
			productName = EMMeituanUITests;
			productReference = D2B311A01C7D6DF500347D26 /* EMMeituanUITests.xctest */;
			productType = "com.apple.product-type.bundle.ui-testing";
		};
/* End PBXNativeTarget section */

/* Begin PBXProject section */
		D2B311741C7D6DF500347D26 /* Project object */ = {
			isa = PBXProject;
			attributes = {
				LastUpgradeCheck = 0720;
				ORGANIZATIONNAME = easemob;
				TargetAttributes = {
					D2B3117B1C7D6DF500347D26 = {
						CreatedOnToolsVersion = 7.2;
						DevelopmentTeam = V65774TE88;
					};
					D2B311941C7D6DF500347D26 = {
						CreatedOnToolsVersion = 7.2;
						DevelopmentTeam = V65774TE88;
						TestTargetID = D2B3117B1C7D6DF500347D26;
					};
					D2B3119F1C7D6DF500347D26 = {
						CreatedOnToolsVersion = 7.2;
						DevelopmentTeam = V65774TE88;
						TestTargetID = D2B3117B1C7D6DF500347D26;
					};
				};
			};
			buildConfigurationList = D2B311771C7D6DF500347D26 /* Build configuration list for PBXProject "EMMeituan" */;
			compatibilityVersion = "Xcode 3.2";
			developmentRegion = English;
			hasScannedForEncodings = 0;
			knownRegions = (
				en,
				Base,
			);
			mainGroup = D2B311731C7D6DF500347D26;
			productRefGroup = D2B3117D1C7D6DF500347D26 /* Products */;
			projectDirPath = "";
			projectRoot = "";
			targets = (
				D2B3117B1C7D6DF500347D26 /* EMMeituan */,
				D2B311941C7D6DF500347D26 /* EMMeituanTests */,
				D2B3119F1C7D6DF500347D26 /* EMMeituanUITests */,
			);
		};
/* End PBXProject section */

/* Begin PBXResourcesBuildPhase section */
		D2B3117A1C7D6DF500347D26 /* Resources */ = {
			isa = PBXResourcesBuildPhase;
			buildActionMask = 2147483647;
			files = (
				D2B3118F1C7D6DF500347D26 /* LaunchScreen.storyboard in Resources */,
				D2B3118C1C7D6DF500347D26 /* Assets.xcassets in Resources */,
				D2B3118A1C7D6DF500347D26 /* Main.storyboard in Resources */,
			);
			runOnlyForDeploymentPostprocessing = 0;
		};
		D2B311931C7D6DF500347D26 /* Resources */ = {
			isa = PBXResourcesBuildPhase;
			buildActionMask = 2147483647;
			files = (
			);
			runOnlyForDeploymentPostprocessing = 0;
		};
		D2B3119E1C7D6DF500347D26 /* Resources */ = {
			isa = PBXResourcesBuildPhase;
			buildActionMask = 2147483647;
			files = (
			);
			runOnlyForDeploymentPostprocessing = 0;
		};
/* End PBXResourcesBuildPhase section */

/* Begin PBXSourcesBuildPhase section */
		D2B311781C7D6DF500347D26 /* Sources */ = {
			isa = PBXSourcesBuildPhase;
			buildActionMask = 2147483647;
			files = (
				D2B311871C7D6DF500347D26 /* ViewController.m in Sources */,
				D2B311841C7D6DF500347D26 /* AppDelegate.m in Sources */,
				D2B311811C7D6DF500347D26 /* main.m in Sources */,
			);
			runOnlyForDeploymentPostprocessing = 0;
		};
		D2B311911C7D6DF500347D26 /* Sources */ = {
			isa = PBXSourcesBuildPhase;
			buildActionMask = 2147483647;
			files = (
				D2B3119A1C7D6DF500347D26 /* EMMeituanTests.m in Sources */,
			);
			runOnlyForDeploymentPostprocessing = 0;
		};
		D2B3119C1C7D6DF500347D26 /* Sources */ = {
			isa = PBXSourcesBuildPhase;
			buildActionMask = 2147483647;
			files = (
				D2B311A51C7D6DF500347D26 /* EMMeituanUITests.m in Sources */,
			);
			runOnlyForDeploymentPostprocessing = 0;
		};
/* End PBXSourcesBuildPhase section */

/* Begin PBXTargetDependency section */
		D2B311971C7D6DF500347D26 /* PBXTargetDependency */ = {
			isa = PBXTargetDependency;
			target = D2B3117B1C7D6DF500347D26 /* EMMeituan */;
			targetProxy = D2B311961C7D6DF500347D26 /* PBXContainerItemProxy */;
		};
		D2B311A21C7D6DF500347D26 /* PBXTargetDependency */ = {
			isa = PBXTargetDependency;
			target = D2B3117B1C7D6DF500347D26 /* EMMeituan */;
			targetProxy = D2B311A11C7D6DF500347D26 /* PBXContainerItemProxy */;
		};
/* End PBXTargetDependency section */

/* Begin PBXVariantGroup section */
		D2B311881C7D6DF500347D26 /* Main.storyboard */ = {
			isa = PBXVariantGroup;
			children = (
				D2B311891C7D6DF500347D26 /* Base */,
			);
			name = Main.storyboard;
			sourceTree = "<group>";
		};
		D2B3118D1C7D6DF500347D26 /* LaunchScreen.storyboard */ = {
			isa = PBXVariantGroup;
			children = (
				D2B3118E1C7D6DF500347D26 /* Base */,
			);
			name = LaunchScreen.storyboard;
			sourceTree = "<group>";
		};
/* End PBXVariantGroup section */

/* Begin XCBuildConfiguration section */
		D2B311A71C7D6DF500347D26 /* Debug */ = {
			isa = XCBuildConfiguration;
			buildSettings = {
				ALWAYS_SEARCH_USER_PATHS = NO;
				CLANG_CXX_LANGUAGE_STANDARD = "gnu++0x";
				CLANG_CXX_LIBRARY = "libc++";
				CLANG_ENABLE_MODULES = YES;
				CLANG_ENABLE_OBJC_ARC = YES;
				CLANG_WARN_BOOL_CONVERSION = YES;
				CLANG_WARN_CONSTANT_CONVERSION = YES;
				CLANG_WARN_DIRECT_OBJC_ISA_USAGE = YES_ERROR;
				CLANG_WARN_EMPTY_BODY = YES;
				CLANG_WARN_ENUM_CONVERSION = YES;
				CLANG_WARN_INT_CONVERSION = YES;
				CLANG_WARN_OBJC_ROOT_CLASS = YES_ERROR;
				CLANG_WARN_UNREACHABLE_CODE = YES;
				CLANG_WARN__DUPLICATE_METHOD_MATCH = YES;
				"CODE_SIGN_IDENTITY[sdk=iphoneos*]" = "iPhone Developer";
				COPY_PHASE_STRIP = NO;
				DEBUG_INFORMATION_FORMAT = dwarf;
				ENABLE_STRICT_OBJC_MSGSEND = YES;
				ENABLE_TESTABILITY = YES;
				GCC_C_LANGUAGE_STANDARD = gnu99;
				GCC_DYNAMIC_NO_PIC = NO;
				GCC_NO_COMMON_BLOCKS = YES;
				GCC_OPTIMIZATION_LEVEL = 0;
				GCC_PREPROCESSOR_DEFINITIONS = (
					"DEBUG=1",
					"$(inherited)",
				);
				GCC_WARN_64_TO_32_BIT_CONVERSION = YES;
				GCC_WARN_ABOUT_RETURN_TYPE = YES_ERROR;
				GCC_WARN_UNDECLARED_SELECTOR = YES;
				GCC_WARN_UNINITIALIZED_AUTOS = YES_AGGRESSIVE;
				GCC_WARN_UNUSED_FUNCTION = YES;
				GCC_WARN_UNUSED_VARIABLE = YES;
				IPHONEOS_DEPLOYMENT_TARGET = 9.2;
				MTL_ENABLE_DEBUG_INFO = YES;
				ONLY_ACTIVE_ARCH = YES;
				SDKROOT = iphoneos;
			};
			name = Debug;
		};
		D2B311A81C7D6DF500347D26 /* Release */ = {
			isa = XCBuildConfiguration;
			buildSettings = {
				ALWAYS_SEARCH_USER_PATHS = NO;
				CLANG_CXX_LANGUAGE_STANDARD = "gnu++0x";
				CLANG_CXX_LIBRARY = "libc++";
				CLANG_ENABLE_MODULES = YES;
				CLANG_ENABLE_OBJC_ARC = YES;
				CLANG_WARN_BOOL_CONVERSION = YES;
				CLANG_WARN_CONSTANT_CONVERSION = YES;
				CLANG_WARN_DIRECT_OBJC_ISA_USAGE = YES_ERROR;
				CLANG_WARN_EMPTY_BODY = YES;
				CLANG_WARN_ENUM_CONVERSION = YES;
				CLANG_WARN_INT_CONVERSION = YES;
				CLANG_WARN_OBJC_ROOT_CLASS = YES_ERROR;
				CLANG_WARN_UNREACHABLE_CODE = YES;
				CLANG_WARN__DUPLICATE_METHOD_MATCH = YES;
				"CODE_SIGN_IDENTITY[sdk=iphoneos*]" = "iPhone Developer";
				COPY_PHASE_STRIP = NO;
				DEBUG_INFORMATION_FORMAT = "dwarf-with-dsym";
				ENABLE_NS_ASSERTIONS = NO;
				ENABLE_STRICT_OBJC_MSGSEND = YES;
				GCC_C_LANGUAGE_STANDARD = gnu99;
				GCC_NO_COMMON_BLOCKS = YES;
				GCC_WARN_64_TO_32_BIT_CONVERSION = YES;
				GCC_WARN_ABOUT_RETURN_TYPE = YES_ERROR;
				GCC_WARN_UNDECLARED_SELECTOR = YES;
				GCC_WARN_UNINITIALIZED_AUTOS = YES_AGGRESSIVE;
				GCC_WARN_UNUSED_FUNCTION = YES;
				GCC_WARN_UNUSED_VARIABLE = YES;
				IPHONEOS_DEPLOYMENT_TARGET = 9.2;
				MTL_ENABLE_DEBUG_INFO = NO;
				SDKROOT = iphoneos;
				VALIDATE_PRODUCT = YES;
			};
			name = Release;
		};
		D2B311AA1C7D6DF500347D26 /* Debug */ = {
			isa = XCBuildConfiguration;
			buildSettings = {
				ASSETCATALOG_COMPILER_APPICON_NAME = AppIcon;
				INFOPLIST_FILE = EMMeituan/Info.plist;
				LD_RUNPATH_SEARCH_PATHS = "$(inherited) @executable_path/Frameworks";
				PRODUCT_BUNDLE_IDENTIFIER = easemob.EMMeituan;
				PRODUCT_NAME = "$(TARGET_NAME)";
			};
			name = Debug;
		};
		D2B311AB1C7D6DF500347D26 /* Release */ = {
			isa = XCBuildConfiguration;
			buildSettings = {
				ASSETCATALOG_COMPILER_APPICON_NAME = AppIcon;
				INFOPLIST_FILE = EMMeituan/Info.plist;
				LD_RUNPATH_SEARCH_PATHS = "$(inherited) @executable_path/Frameworks";
				PRODUCT_BUNDLE_IDENTIFIER = easemob.EMMeituan;
				PRODUCT_NAME = "$(TARGET_NAME)";
			};
			name = Release;
		};
		D2B311AD1C7D6DF500347D26 /* Debug */ = {
			isa = XCBuildConfiguration;
			buildSettings = {
				BUNDLE_LOADER = "$(TEST_HOST)";
				INFOPLIST_FILE = EMMeituanTests/Info.plist;
				LD_RUNPATH_SEARCH_PATHS = "$(inherited) @executable_path/Frameworks @loader_path/Frameworks";
				PRODUCT_BUNDLE_IDENTIFIER = easemob.EMMeituanTests;
				PRODUCT_NAME = "$(TARGET_NAME)";
				TEST_HOST = "$(BUILT_PRODUCTS_DIR)/EMMeituan.app/EMMeituan";
			};
			name = Debug;
		};
		D2B311AE1C7D6DF500347D26 /* Release */ = {
			isa = XCBuildConfiguration;
			buildSettings = {
				BUNDLE_LOADER = "$(TEST_HOST)";
				INFOPLIST_FILE = EMMeituanTests/Info.plist;
				LD_RUNPATH_SEARCH_PATHS = "$(inherited) @executable_path/Frameworks @loader_path/Frameworks";
				PRODUCT_BUNDLE_IDENTIFIER = easemob.EMMeituanTests;
				PRODUCT_NAME = "$(TARGET_NAME)";
				TEST_HOST = "$(BUILT_PRODUCTS_DIR)/EMMeituan.app/EMMeituan";
			};
			name = Release;
		};
		D2B311B01C7D6DF500347D26 /* Debug */ = {
			isa = XCBuildConfiguration;
			buildSettings = {
				INFOPLIST_FILE = EMMeituanUITests/Info.plist;
				LD_RUNPATH_SEARCH_PATHS = "$(inherited) @executable_path/Frameworks @loader_path/Frameworks";
				PRODUCT_BUNDLE_IDENTIFIER = easemob.EMMeituanUITests;
				PRODUCT_NAME = "$(TARGET_NAME)";
				TEST_TARGET_NAME = EMMeituan;
				USES_XCTRUNNER = YES;
			};
			name = Debug;
		};
		D2B311B11C7D6DF500347D26 /* Release */ = {
			isa = XCBuildConfiguration;
			buildSettings = {
				INFOPLIST_FILE = EMMeituanUITests/Info.plist;
				LD_RUNPATH_SEARCH_PATHS = "$(inherited) @executable_path/Frameworks @loader_path/Frameworks";
				PRODUCT_BUNDLE_IDENTIFIER = easemob.EMMeituanUITests;
				PRODUCT_NAME = "$(TARGET_NAME)";
				TEST_TARGET_NAME = EMMeituan;
				USES_XCTRUNNER = YES;
			};
			name = Release;
		};
/* End XCBuildConfiguration section */

/* Begin XCConfigurationList section */
		D2B311771C7D6DF500347D26 /* Build configuration list for PBXProject "EMMeituan" */ = {
			isa = XCConfigurationList;
			buildConfigurations = (
				D2B311A71C7D6DF500347D26 /* Debug */,
				D2B311A81C7D6DF500347D26 /* Release */,
			);
			defaultConfigurationIsVisible = 0;
			defaultConfigurationName = Release;
		};
		D2B311A91C7D6DF500347D26 /* Build configuration list for PBXNativeTarget "EMMeituan" */ = {
			isa = XCConfigurationList;
			buildConfigurations = (
				D2B311AA1C7D6DF500347D26 /* Debug */,
				D2B311AB1C7D6DF500347D26 /* Release */,
			);
			defaultConfigurationIsVisible = 0;
		};
		D2B311AC1C7D6DF500347D26 /* Build configuration list for PBXNativeTarget "EMMeituanTests" */ = {
			isa = XCConfigurationList;
			buildConfigurations = (
				D2B311AD1C7D6DF500347D26 /* Debug */,
				D2B311AE1C7D6DF500347D26 /* Release */,
			);
			defaultConfigurationIsVisible = 0;
		};
		D2B311AF1C7D6DF500347D26 /* Build configuration list for PBXNativeTarget "EMMeituanUITests" */ = {
			isa = XCConfigurationList;
			buildConfigurations = (
				D2B311B01C7D6DF500347D26 /* Debug */,
				D2B311B11C7D6DF500347D26 /* Release */,
			);
			defaultConfigurationIsVisible = 0;
		};
/* End XCConfigurationList section */
	};
	rootObject = D2B311741C7D6DF500347D26 /* Project object */;
}
